
Microsoft Visual Studio Solution File, Format Version 12.00
# Visual Studio Version 17
VisualStudioVersion = 17.10.34916.146
MinimumVisualStudioVersion = 10.0.40219.1
Project("{8BC9CEB8-8B4A-11D0-8D11-00A0C91BC942}") = "EsquemaEPVertical", "EsquemaEPVertical\EsquemaEPVertical.vcxproj", "{3A01A848-ABCE-4C8F-BCC2-F7B4CEA07868}"
EndProject
Global
	GlobalSection(SolutionConfigurationPlatforms) = preSolution
		Debug|x64 = Debug|x64
		Debug|x86 = Debug|x86
		Release|x64 = Release|x64
		Release|x86 = Release|x86
	EndGlobalSection
	GlobalSection(ProjectConfigurationPlatforms) = postSolution
		{3A01A848-ABCE-4C8F-BCC2-F7B4CEA07868}.Debug|x64.ActiveCfg = Debug|x64
		{3A01A848-ABCE-4C8F-BCC2-F7B4CEA07868}.Debug|x64.Build.0 = Debug|x64
		{3A01A848-ABCE-4C8F-BCC2-F7B4CEA07868}.Debug|x86.ActiveCfg = Debug|Win32
		{3A01A848-ABCE-4C8F-BCC2-F7B4CEA07868}.Debug|x86.Build.0 = Debug|Win32
		{3A01A848-ABCE-4C8F-BCC2-F7B4CEA07868}.Release|x64.ActiveCfg = Release|x64
		{3A01A848-ABCE-4C8F-BCC2-F7B4CEA07868}.Release|x64.Build.0 = Release|x64
		{3A01A848-ABCE-4C8F-BCC2-F7B4CEA07868}.Release|x86.ActiveCfg = Release|Win32
		{3A01A848-ABCE-4C8F-BCC2-F7B4CEA07868}.Release|x86.Build.0 = Release|Win32
	EndGlobalSection
	GlobalSection(SolutionProperties) = preSolution
		HideSolutionNode = FALSE
	EndGlobalSection
	GlobalSection(ExtensibilityGlobals) = postSolution
		SolutionGuid = {9F772F1F-41BA-4D3C-8970-11C2C93F158F}
	EndGlobalSection
EndGlobal
